
Microsoft Visual Studio Solution File, Format Version 12.00
# Visual Studio Version 17
VisualStudioVersion = 17.6.33417.168
MinimumVisualStudioVersion = 10.0.40219.1
Project("{FAE04EC0-301F-11D3-BF4B-00C04F79EFBC}") = "Gyakorlas01", "Gyakorlas01.csproj", "{03B0731F-839E-419C-89C6-F229327B98D0}"
EndProject
Global
	GlobalSection(SolutionConfigurationPlatforms) = preSolution
		Debug|Any CPU = Debug|Any CPU
		Release|Any CPU = Release|Any CPU
	EndGlobalSection
	GlobalSection(ProjectConfigurationPlatforms) = postSolution
		{03B0731F-839E-419C-89C6-F229327B98D0}.Debug|Any CPU.ActiveCfg = Debug|Any CPU
		{03B0731F-839E-419C-89C6-F229327B98D0}.Debug|Any CPU.Build.0 = Debug|Any CPU
		{03B0731F-839E-419C-89C6-F229327B98D0}.Release|Any CPU.ActiveCfg = Release|Any CPU
		{03B0731F-839E-419C-89C6-F229327B98D0}.Release|Any CPU.Build.0 = Release|Any CPU
	EndGlobalSection
	GlobalSection(SolutionProperties) = preSolution
		HideSolutionNode = FALSE
	EndGlobalSection
	GlobalSection(ExtensibilityGlobals) = postSolution
		SolutionGuid = {A4C89A9C-0190-4741-A655-A17948338440}
	EndGlobalSection
EndGlobal
