
Microsoft Visual Studio Solution File, Format Version 12.00
# Visual Studio Version 16
VisualStudioVersion = 16.0.29102.190
MinimumVisualStudioVersion = 10.0.40219.1
Project("{FAE04EC0-301F-11D3-BF4B-00C04F79EFBC}") = "KarácsonyiCLI", "KarácsonyiCLI\KarácsonyiCLI.csproj", "{BA727D9B-59A7-41F5-BFFC-5E274D6819C4}"
EndProject
Global
	GlobalSection(SolutionConfigurationPlatforms) = preSolution
		Debug|Any CPU = Debug|Any CPU
		Release|Any CPU = Release|Any CPU
	EndGlobalSection
	GlobalSection(ProjectConfigurationPlatforms) = postSolution
		{BA727D9B-59A7-41F5-BFFC-5E274D6819C4}.Debug|Any CPU.ActiveCfg = Debug|Any CPU
		{BA727D9B-59A7-41F5-BFFC-5E274D6819C4}.Debug|Any CPU.Build.0 = Debug|Any CPU
		{BA727D9B-59A7-41F5-BFFC-5E274D6819C4}.Release|Any CPU.ActiveCfg = Release|Any CPU
		{BA727D9B-59A7-41F5-BFFC-5E274D6819C4}.Release|Any CPU.Build.0 = Release|Any CPU
	EndGlobalSection
	GlobalSection(SolutionProperties) = preSolution
		HideSolutionNode = FALSE
	EndGlobalSection
	GlobalSection(ExtensibilityGlobals) = postSolution
		SolutionGuid = {64245248-A787-44EF-A41E-EBFABA297F9E}
	EndGlobalSection
EndGlobal
